
Microsoft Visual Studio Solution File, Format Version 12.00
# Visual Studio Version 16
VisualStudioVersion = 16.0.29721.120
MinimumVisualStudioVersion = 10.0.40219.1
Project("{FAE04EC0-301F-11D3-BF4B-00C04F79EFBC}") = "PetrolTrulyUnlimited", "PetrolTrulyUnlimited\PetrolTrulyUnlimited.csproj", "{5F701DC8-41D9-425F-B897-77BF28E49073}"
EndProject
Global
	GlobalSection(SolutionConfigurationPlatforms) = preSolution
		Debug|Any CPU = Debug|Any CPU
		Release|Any CPU = Release|Any CPU
	EndGlobalSection
	GlobalSection(ProjectConfigurationPlatforms) = postSolution
		{5F701DC8-41D9-425F-B897-77BF28E49073}.Debug|Any CPU.ActiveCfg = Debug|Any CPU
		{5F701DC8-41D9-425F-B897-77BF28E49073}.Debug|Any CPU.Build.0 = Debug|Any CPU
		{5F701DC8-41D9-425F-B897-77BF28E49073}.Release|Any CPU.ActiveCfg = Release|Any CPU
		{5F701DC8-41D9-425F-B897-77BF28E49073}.Release|Any CPU.Build.0 = Release|Any CPU
	EndGlobalSection
	GlobalSection(SolutionProperties) = preSolution
		HideSolutionNode = FALSE
	EndGlobalSection
	GlobalSection(ExtensibilityGlobals) = postSolution
		SolutionGuid = {EE560286-6F77-43B2-B277-451F2AFBA348}
	EndGlobalSection
EndGlobal
